
Microsoft Visual Studio Solution File, Format Version 12.00
# Visual Studio Version 17
VisualStudioVersion = 17.4.33205.214
MinimumVisualStudioVersion = 10.0.40219.1
Project("{FAE04EC0-301F-11D3-BF4B-00C04F79EFBC}") = "practical6", "practical6\practical6.csproj", "{116FE0D1-D248-4070-A4D1-3B17987BFCBB}"
EndProject
Global
	GlobalSection(SolutionConfigurationPlatforms) = preSolution
		Debug|Any CPU = Debug|Any CPU
		Release|Any CPU = Release|Any CPU
	EndGlobalSection
	GlobalSection(ProjectConfigurationPlatforms) = postSolution
		{116FE0D1-D248-4070-A4D1-3B17987BFCBB}.Debug|Any CPU.ActiveCfg = Debug|Any CPU
		{116FE0D1-D248-4070-A4D1-3B17987BFCBB}.Debug|Any CPU.Build.0 = Debug|Any CPU
		{116FE0D1-D248-4070-A4D1-3B17987BFCBB}.Release|Any CPU.ActiveCfg = Release|Any CPU
		{116FE0D1-D248-4070-A4D1-3B17987BFCBB}.Release|Any CPU.Build.0 = Release|Any CPU
	EndGlobalSection
	GlobalSection(SolutionProperties) = preSolution
		HideSolutionNode = FALSE
	EndGlobalSection
	GlobalSection(ExtensibilityGlobals) = postSolution
		SolutionGuid = {725F4BAA-82BC-41CC-86C1-91A039864F12}
	EndGlobalSection
EndGlobal
